version = 1
revision = 3
requires-python = "==3.10.11"

[[package]]
name = "beautifulsoup4"
version = "4.14.2"
source = { registry = "https://pypi.org/simple" }
dependencies = [
    { name = "soupsieve" },
    { name = "typing-extensions" },
]
sdist = { url = "https://files.pythonhosted.org/packages/77/e9/df2358efd7659577435e2177bfa69cba6c33216681af51a707193dec162a/beautifulsoup4-4.14.2.tar.gz", hash = "sha256:2a98ab9f944a11acee9cc848508ec28d9228abfd522ef0fad6a02a72e0ded69e", size = 625822, upload-time = "2025-09-29T10:05:42.613Z" }
wheels = [
    { url = "https://files.pythonhosted.org/packages/94/fe/3aed5d0be4d404d12d36ab97e2f1791424d9ca39c2f754a6285d59a3b01d/beautifulsoup4-4.14.2-py3-none-any.whl", hash = "sha256:5ef6fa3a8cbece8488d66985560f97ed091e22bbc4e9c2338508a9d5de6d4515", size = 106392, upload-time = "2025-09-29T10:05:43.771Z" },
]

[[package]]
name = "dnspython"
version = "2.8.0"
source = { registry = "https://pypi.org/simple" }
sdist = { url = "https://files.pythonhosted.org/packages/8c/8b/57666417c0f90f08bcafa776861060426765fdb422eb10212086fb811d26/dnspython-2.8.0.tar.gz", hash = "sha256:181d3c6996452cb1189c4046c61599b84a5a86e099562ffde77d26984ff26d0f", size = 368251, upload-time = "2025-09-07T18:58:00.022Z" }
wheels = [
    { url = "https://files.pythonhosted.org/packages/ba/5a/18ad964b0086c6e62e2e7500f7edc89e3faa45033c71c1893d34eed2b2de/dnspython-2.8.0-py3-none-any.whl", hash = "sha256:01d9bbc4a2d76bf0db7c1f729812ded6d912bd318d3b1cf81d30c0f845dbf3af", size = 331094, upload-time = "2025-09-07T18:57:58.071Z" },
]

[[package]]
name = "faiss-cpu"
version = "1.12.0"
source = { registry = "https://pypi.org/simple" }
dependencies = [
    { name = "numpy" },
    { name = "packaging" },
]
sdist = { url = "https://files.pythonhosted.org/packages/7d/80/bb75a7ed6e824dea452a24d3434a72ed799324a688b10b047d441d270185/faiss_cpu-1.12.0.tar.gz", hash = "sha256:2f87cbcd603f3ed464ebceb857971fdebc318de938566c9ae2b82beda8e953c0", size = 69292, upload-time = "2025-08-13T06:07:26.553Z" }
wheels = [
    { url = "https://files.pythonhosted.org/packages/bf/3b/42aa7332c2e432fc3af3a26cc49ca8a3ecd23d13bb790e61c1e54a4d16cb/faiss_cpu-1.12.0-cp310-cp310-macosx_13_0_x86_64.whl", hash = "sha256:be96f9290edd13d56fb3c69b8dd6be487552b4401f2e95b437cabf5309c424ad", size = 8006082, upload-time = "2025-08-13T06:05:33.131Z" },
    { url = "https://files.pythonhosted.org/packages/00/ab/9959c2d9c3a511a5dbfa4e2e2a1d0bdcad5929d410b3abe87bbed74dcb9b/faiss_cpu-1.12.0-cp310-cp310-macosx_14_0_arm64.whl", hash = "sha256:0834c547c39d5e5d0b769c90ac5d5ca42e00bcdbba491f3440d2d458058b19d6", size = 3360138, upload-time = "2025-08-13T06:05:35.003Z" },
    { url = "https://files.pythonhosted.org/packages/80/b9/7456f89effe93b7693c7e39cd365065e27aa31794442510c44ad8cce6c4c/faiss_cpu-1.12.0-cp310-cp310-manylinux_2_27_aarch64.manylinux_2_28_aarch64.whl", hash = "sha256:a40830a16d8718b14a462e1a1efaa26660eb3bb8ada22e0712a6ac181092750e", size = 3825459, upload-time = "2025-08-13T06:05:36.546Z" },
    { url = "https://files.pythonhosted.org/packages/f4/0f/02d5d2ae8b53e5629cb03fbd871bbbfbbd647ffc3d09393b34f6347072d7/faiss_cpu-1.12.0-cp310-cp310-manylinux_2_27_x86_64.manylinux_2_28_x86_64.whl", hash = "sha256:d7f8732796e3f730556e99327861066ead0ae7e66b5cbf6c0f217be48074e41e", size = 31425823, upload-time = "2025-08-13T06:05:38.778Z" },
    { url = "https://files.pythonhosted.org/packages/d0/39/a9fcb0b82727ab2d5509caa7637e5d345c710502f68c7a7e90dd212654ad/faiss_cpu-1.12.0-cp310-cp310-musllinux_1_2_aarch64.whl", hash = "sha256:ded5063e13c3bb6b1b463827f838ae45a0aea4c9aeaf6c938e7e87f3f6ea4126", size = 9751939, upload-time = "2025-08-13T06:05:41.816Z" },
    { url = "https://files.pythonhosted.org/packages/bd/25/7efcb5856f9df4c003716687c4604bb5cfc44819539b79d60e302018962b/faiss_cpu-1.12.0-cp310-cp310-musllinux_1_2_x86_64.whl", hash = "sha256:8e74e71249165757a12fb02feee67ea95df542bcafa21b449fbd2ed0c31b48b4", size = 24160951, upload-time = "2025-08-13T06:05:44.243Z" },
    { url = "https://files.pythonhosted.org/packages/34/d4/1f1cc444708b426b42ec52f01c735d91cb9775fe55cf3d2c64b9a6fd8792/faiss_cpu-1.12.0-cp310-cp310-win_amd64.whl", hash = "sha256:d04d1cae2a9b66083cd8f48ff391731d81e0a1fdf67ab5c33ae10b3a22a0caae", size = 18169601, upload-time = "2025-08-13T06:05:46.558Z" },
]

[[package]]
name = "lxml"
version = "6.0.2"
source = { registry = "https://pypi.org/simple" }
sdist = { url = "https://files.pythonhosted.org/packages/aa/88/262177de60548e5a2bfc46ad28232c9e9cbde697bd94132aeb80364675cb/lxml-6.0.2.tar.gz", hash = "sha256:cd79f3367bd74b317dda655dc8fcfa304d9eb6e4fb06b7168c5cf27f96e0cd62", size = 4073426, upload-time = "2025-09-22T04:04:59.287Z" }
wheels = [
    { url = "https://files.pythonhosted.org/packages/db/8a/f8192a08237ef2fb1b19733f709db88a4c43bc8ab8357f01cb41a27e7f6a/lxml-6.0.2-cp310-cp310-macosx_10_9_universal2.whl", hash = "sha256:e77dd455b9a16bbd2a5036a63ddbd479c19572af81b624e79ef422f929eef388", size = 8590589, upload-time = "2025-09-22T04:00:10.51Z" },
    { url = "https://files.pythonhosted.org/packages/12/64/27bcd07ae17ff5e5536e8d88f4c7d581b48963817a13de11f3ac3329bfa2/lxml-6.0.2-cp310-cp310-macosx_10_9_x86_64.whl", hash = "sha256:5d444858b9f07cefff6455b983aea9a67f7462ba1f6cbe4a21e8bf6791bf2153", size = 4629671, upload-time = "2025-09-22T04:00:15.411Z" },
    { url = "https://files.pythonhosted.org/packages/02/5a/a7d53b3291c324e0b6e48f3c797be63836cc52156ddf8f33cd72aac78866/lxml-6.0.2-cp310-cp310-manylinux2014_aarch64.manylinux_2_17_aarch64.whl", hash = "sha256:f952dacaa552f3bb8834908dddd500ba7d508e6ea6eb8c52eb2d28f48ca06a31", size = 4999961, upload-time = "2025-09-22T04:00:17.619Z" },
    { url = "https://files.pythonhosted.org/packages/f5/55/d465e9b89df1761674d8672bb3e4ae2c47033b01ec243964b6e334c6743f/lxml-6.0.2-cp310-cp310-manylinux2014_x86_64.manylinux_2_17_x86_64.whl", hash = "sha256:71695772df6acea9f3c0e59e44ba8ac50c4f125217e84aab21074a1a55e7e5c9", size = 5157087, upload-time = "2025-09-22T04:00:19.868Z" },
    { url = "https://files.pythonhosted.org/packages/62/38/3073cd7e3e8dfc3ba3c3a139e33bee3a82de2bfb0925714351ad3d255c13/lxml-6.0.2-cp310-cp310-manylinux_2_26_aarch64.manylinux_2_28_aarch64.whl", hash = "sha256:17f68764f35fd78d7c4cc4ef209a184c38b65440378013d24b8aecd327c3e0c8", size = 5067620, upload-time = "2025-09-22T04:00:21.877Z" },
    { url = "https://files.pythonhosted.org/packages/4a/d3/1e001588c5e2205637b08985597827d3827dbaaece16348c8822bfe61c29/lxml-6.0.2-cp310-cp310-manylinux_2_26_i686.manylinux_2_28_i686.whl", hash = "sha256:058027e261afed589eddcfe530fcc6f3402d7fd7e89bfd0532df82ebc1563dba", size = 5406664, upload-time = "2025-09-22T04:00:23.714Z" },
    { url = "https://files.pythonhosted.org/packages/20/cf/cab09478699b003857ed6ebfe95e9fb9fa3d3c25f1353b905c9b73cfb624/lxml-6.0.2-cp310-cp310-manylinux_2_26_x86_64.manylinux_2_28_x86_64.whl", hash = "sha256:a8ffaeec5dfea5881d4c9d8913a32d10cfe3923495386106e4a24d45300ef79c", size = 5289397, upload-time = "2025-09-22T04:00:25.544Z" },
    { url = "https://files.pythonhosted.org/packages/a3/84/02a2d0c38ac9a8b9f9e5e1bbd3f24b3f426044ad618b552e9549ee91bd63/lxml-6.0.2-cp310-cp310-manylinux_2_31_armv7l.whl", hash = "sha256:f2e3b1a6bb38de0bc713edd4d612969dd250ca8b724be8d460001a387507021c", size = 4772178, upload-time = "2025-09-22T04:00:27.602Z" },
    { url = "https://files.pythonhosted.org/packages/56/87/e1ceadcc031ec4aa605fe95476892d0b0ba3b7f8c7dcdf88fdeff59a9c86/lxml-6.0.2-cp310-cp310-manylinux_2_38_riscv64.manylinux_2_39_riscv64.whl", hash = "sha256:d6690ec5ec1cce0385cb20896b16be35247ac8c2046e493d03232f1c2414d321", size = 5358148, upload-time = "2025-09-22T04:00:29.323Z" },
    { url = "https://files.pythonhosted.org/packages/fe/13/5bb6cf42bb228353fd4ac5f162c6a84fd68a4d6f67c1031c8cf97e131fc6/lxml-6.0.2-cp310-cp310-musllinux_1_2_aarch64.whl", hash = "sha256:f2a50c3c1d11cad0ebebbac357a97b26aa79d2bcaf46f256551152aa85d3a4d1", size = 5112035, upload-time = "2025-09-22T04:00:31.061Z" },
    { url = "https://files.pythonhosted.org/packages/e4/e2/ea0498552102e59834e297c5c6dff8d8ded3db72ed5e8aad77871476f073/lxml-6.0.2-cp310-cp310-musllinux_1_2_armv7l.whl", hash = "sha256:3efe1b21c7801ffa29a1112fab3b0f643628c30472d507f39544fd48e9549e34", size = 4799111, upload-time = "2025-09-22T04:00:33.11Z" },
    { url = "https://files.pythonhosted.org/packages/6a/9e/8de42b52a73abb8af86c66c969b3b4c2a96567b6ac74637c037d2e3baa60/lxml-6.0.2-cp310-cp310-musllinux_1_2_riscv64.whl", hash = "sha256:59c45e125140b2c4b33920d21d83681940ca29f0b83f8629ea1a2196dc8cfe6a", size = 5351662, upload-time = "2025-09-22T04:00:35.237Z" },
    { url = "https://files.pythonhosted.org/packages/28/a2/de776a573dfb15114509a37351937c367530865edb10a90189d0b4b9b70a/lxml-6.0.2-cp310-cp310-musllinux_1_2_x86_64.whl", hash = "sha256:452b899faa64f1805943ec1c0c9ebeaece01a1af83e130b69cdefeda180bb42c", size = 5314973, upload-time = "2025-09-22T04:00:37.086Z" },
    { url = "https://files.pythonhosted.org/packages/50/a0/3ae1b1f8964c271b5eec91db2043cf8c6c0bce101ebb2a633b51b044db6c/lxml-6.0.2-cp310-cp310-win32.whl", hash = "sha256:1e786a464c191ca43b133906c6903a7e4d56bef376b75d97ccbb8ec5cf1f0a4b", size = 3611953, upload-time = "2025-09-22T04:00:39.224Z" },
    { url = "https://files.pythonhosted.org/packages/d1/70/bd42491f0634aad41bdfc1e46f5cff98825fb6185688dc82baa35d509f1a/lxml-6.0.2-cp310-cp310-win_amd64.whl", hash = "sha256:dacf3c64ef3f7440e3167aa4b49aa9e0fb99e0aa4f9ff03795640bf94531bcb0", size = 4032695, upload-time = "2025-09-22T04:00:41.402Z" },
    { url = "https://files.pythonhosted.org/packages/d2/d0/05c6a72299f54c2c561a6c6cbb2f512e047fca20ea97a05e57931f194ac4/lxml-6.0.2-cp310-cp310-win_arm64.whl", hash = "sha256:45f93e6f75123f88d7f0cfd90f2d05f441b808562bf0bc01070a00f53f5028b5", size = 3680051, upload-time = "2025-09-22T04:00:43.525Z" },
    { url = "https://files.pythonhosted.org/packages/e7/9c/780c9a8fce3f04690b374f72f41306866b0400b9d0fdf3e17aaa37887eed/lxml-6.0.2-pp310-pypy310_pp73-macosx_10_15_x86_64.whl", hash = "sha256:e748d4cf8fef2526bb2a589a417eba0c8674e29ffcb570ce2ceca44f1e567bf6", size = 3939264, upload-time = "2025-09-22T04:04:32.892Z" },
    { url = "https://files.pythonhosted.org/packages/f5/5a/1ab260c00adf645d8bf7dec7f920f744b032f69130c681302821d5debea6/lxml-6.0.2-pp310-pypy310_pp73-manylinux2014_aarch64.manylinux_2_17_aarch64.whl", hash = "sha256:4ddb1049fa0579d0cbd00503ad8c58b9ab34d1254c77bc6a5576d96ec7853dba", size = 4216435, upload-time = "2025-09-22T04:04:34.907Z" },
    { url = "https://files.pythonhosted.org/packages/f2/37/565f3b3d7ffede22874b6d86be1a1763d00f4ea9fc5b9b6ccb11e4ec8612/lxml-6.0.2-pp310-pypy310_pp73-manylinux2014_x86_64.manylinux_2_17_x86_64.whl", hash = "sha256:cb233f9c95f83707dae461b12b720c1af9c28c2d19208e1be03387222151daf5", size = 4325913, upload-time = "2025-09-22T04:04:37.205Z" },
    { url = "https://files.pythonhosted.org/packages/22/ec/f3a1b169b2fb9d03467e2e3c0c752ea30e993be440a068b125fc7dd248b0/lxml-6.0.2-pp310-pypy310_pp73-manylinux_2_26_aarch64.manylinux_2_28_aarch64.whl", hash = "sha256:bc456d04db0515ce3320d714a1eac7a97774ff0849e7718b492d957da4631dd4", size = 4269357, upload-time = "2025-09-22T04:04:39.322Z" },
    { url = "https://files.pythonhosted.org/packages/77/a2/585a28fe3e67daa1cf2f06f34490d556d121c25d500b10082a7db96e3bcd/lxml-6.0.2-pp310-pypy310_pp73-manylinux_2_26_x86_64.manylinux_2_28_x86_64.whl", hash = "sha256:2613e67de13d619fd283d58bda40bff0ee07739f624ffee8b13b631abf33083d", size = 4412295, upload-time = "2025-09-22T04:04:41.647Z" },
    { url = "https://files.pythonhosted.org/packages/7b/d9/a57dd8bcebd7c69386c20263830d4fa72d27e6b72a229ef7a48e88952d9a/lxml-6.0.2-pp310-pypy310_pp73-win_amd64.whl", hash = "sha256:24a8e756c982c001ca8d59e87c80c4d9dcd4d9b44a4cbeb8d9be4482c514d41d", size = 3516913, upload-time = "2025-09-22T04:04:43.602Z" },
]

[[package]]
name = "mysqlproject"
version = "0.1.0"
source = { virtual = "." }
dependencies = [
    { name = "beautifulsoup4" },
    { name = "faiss-cpu" },
    { name = "lxml" },
    { name = "numpy" },
    { name = "pandas" },
    { name = "pymongo" },
    { name = "pymysql" },
]

[package.metadata]
requires-dist = [
    { name = "beautifulsoup4" },
    { name = "faiss-cpu" },
    { name = "lxml" },
    { name = "numpy" },
    { name = "pandas" },
    { name = "pymongo" },
    { name = "pymysql" },
]

[[package]]
name = "numpy"
version = "2.2.6"
source = { registry = "https://pypi.org/simple" }
sdist = { url = "https://files.pythonhosted.org/packages/76/21/7d2a95e4bba9dc13d043ee156a356c0a8f0c6309dff6b21b4d71a073b8a8/numpy-2.2.6.tar.gz", hash = "sha256:e29554e2bef54a90aa5cc07da6ce955accb83f21ab5de01a62c8478897b264fd", size = 20276440, upload-time = "2025-05-17T22:38:04.611Z" }
wheels = [
    { url = "https://files.pythonhosted.org/packages/9a/3e/ed6db5be21ce87955c0cbd3009f2803f59fa08df21b5df06862e2d8e2bdd/numpy-2.2.6-cp310-cp310-macosx_10_9_x86_64.whl", hash = "sha256:b412caa66f72040e6d268491a59f2c43bf03eb6c96dd8f0307829feb7fa2b6fb", size = 21165245, upload-time = "2025-05-17T21:27:58.555Z" },
    { url = "https://files.pythonhosted.org/packages/22/c2/4b9221495b2a132cc9d2eb862e21d42a009f5a60e45fc44b00118c174bff/numpy-2.2.6-cp310-cp310-macosx_11_0_arm64.whl", hash = "sha256:8e41fd67c52b86603a91c1a505ebaef50b3314de0213461c7a6e99c9a3beff90", size = 14360048, upload-time = "2025-05-17T21:28:21.406Z" },
    { url = "https://files.pythonhosted.org/packages/fd/77/dc2fcfc66943c6410e2bf598062f5959372735ffda175b39906d54f02349/numpy-2.2.6-cp310-cp310-macosx_14_0_arm64.whl", hash = "sha256:37e990a01ae6ec7fe7fa1c26c55ecb672dd98b19c3d0e1d1f326fa13cb38d163", size = 5340542, upload-time = "2025-05-17T21:28:30.931Z" },
    { url = "https://files.pythonhosted.org/packages/7a/4f/1cb5fdc353a5f5cc7feb692db9b8ec2c3d6405453f982435efc52561df58/numpy-2.2.6-cp310-cp310-macosx_14_0_x86_64.whl", hash = "sha256:5a6429d4be8ca66d889b7cf70f536a397dc45ba6faeb5f8c5427935d9592e9cf", size = 6878301, upload-time = "2025-05-17T21:28:41.613Z" },
    { url = "https://files.pythonhosted.org/packages/eb/17/96a3acd228cec142fcb8723bd3cc39c2a474f7dcf0a5d16731980bcafa95/numpy-2.2.6-cp310-cp310-manylinux_2_17_aarch64.manylinux2014_aarch64.whl", hash = "sha256:efd28d4e9cd7d7a8d39074a4d44c63eda73401580c5c76acda2ce969e0a38e83", size = 14297320, upload-time = "2025-05-17T21:29:02.78Z" },
    { url = "https://files.pythonhosted.org/packages/b4/63/3de6a34ad7ad6646ac7d2f55ebc6ad439dbbf9c4370017c50cf403fb19b5/numpy-2.2.6-cp310-cp310-manylinux_2_17_x86_64.manylinux2014_x86_64.whl", hash = "sha256:fc7b73d02efb0e18c000e9ad8b83480dfcd5dfd11065997ed4c6747470ae8915", size = 16801050, upload-time = "2025-05-17T21:29:27.675Z" },
    { url = "https://files.pythonhosted.org/packages/07/b6/89d837eddef52b3d0cec5c6ba0456c1bf1b9ef6a6672fc2b7873c3ec4e2e/numpy-2.2.6-cp310-cp310-musllinux_1_2_aarch64.whl", hash = "sha256:74d4531beb257d2c3f4b261bfb0fc09e0f9ebb8842d82a7b4209415896adc680", size = 15807034, upload-time = "2025-05-17T21:29:51.102Z" },
    { url = "https://files.pythonhosted.org/packages/01/c8/dc6ae86e3c61cfec1f178e5c9f7858584049b6093f843bca541f94120920/numpy-2.2.6-cp310-cp310-musllinux_1_2_x86_64.whl", hash = "sha256:8fc377d995680230e83241d8a96def29f204b5782f371c532579b4f20607a289", size = 18614185, upload-time = "2025-05-17T21:30:18.703Z" },
    { url = "https://files.pythonhosted.org/packages/5b/c5/0064b1b7e7c89137b471ccec1fd2282fceaae0ab3a9550f2568782d80357/numpy-2.2.6-cp310-cp310-win32.whl", hash = "sha256:b093dd74e50a8cba3e873868d9e93a85b78e0daf2e98c6797566ad8044e8363d", size = 6527149, upload-time = "2025-05-17T21:30:29.788Z" },
    { url = "https://files.pythonhosted.org/packages/a3/dd/4b822569d6b96c39d1215dbae0582fd99954dcbcf0c1a13c61783feaca3f/numpy-2.2.6-cp310-cp310-win_amd64.whl", hash = "sha256:f0fd6321b839904e15c46e0d257fdd101dd7f530fe03fd6359c1ea63738703f3", size = 12904620, upload-time = "2025-05-17T21:30:48.994Z" },
    { url = "https://files.pythonhosted.org/packages/9e/3b/d94a75f4dbf1ef5d321523ecac21ef23a3cd2ac8b78ae2aac40873590229/numpy-2.2.6-pp310-pypy310_pp73-macosx_10_15_x86_64.whl", hash = "sha256:0b605b275d7bd0c640cad4e5d30fa701a8d59302e127e5f79138ad62762c3e3d", size = 21040391, upload-time = "2025-05-17T21:44:35.948Z" },
    { url = "https://files.pythonhosted.org/packages/17/f4/09b2fa1b58f0fb4f7c7963a1649c64c4d315752240377ed74d9cd878f7b5/numpy-2.2.6-pp310-pypy310_pp73-macosx_14_0_x86_64.whl", hash = "sha256:7befc596a7dc9da8a337f79802ee8adb30a552a94f792b9c9d18c840055907db", size = 6786754, upload-time = "2025-05-17T21:44:47.446Z" },
    { url = "https://files.pythonhosted.org/packages/af/30/feba75f143bdc868a1cc3f44ccfa6c4b9ec522b36458e738cd00f67b573f/numpy-2.2.6-pp310-pypy310_pp73-manylinux_2_17_x86_64.manylinux2014_x86_64.whl", hash = "sha256:ce47521a4754c8f4593837384bd3424880629f718d87c5d44f8ed763edd63543", size = 16643476, upload-time = "2025-05-17T21:45:11.871Z" },
    { url = "https://files.pythonhosted.org/packages/37/48/ac2a9584402fb6c0cd5b5d1a91dcf176b15760130dd386bbafdbfe3640bf/numpy-2.2.6-pp310-pypy310_pp73-win_amd64.whl", hash = "sha256:d042d24c90c41b54fd506da306759e06e568864df8ec17ccc17e9e884634fd00", size = 12812666, upload-time = "2025-05-17T21:45:31.426Z" },
]

[[package]]
name = "packaging"
version = "25.0"
source = { registry = "https://pypi.org/simple" }
sdist = { url = "https://files.pythonhosted.org/packages/a1/d4/1fc4078c65507b51b96ca8f8c3ba19e6a61c8253c72794544580a7b6c24d/packaging-25.0.tar.gz", hash = "sha256:d443872c98d677bf60f6a1f2f8c1cb748e8fe762d2bf9d3148b5599295b0fc4f", size = 165727, upload-time = "2025-04-19T11:48:59.673Z" }
wheels = [
    { url = "https://files.pythonhosted.org/packages/20/12/38679034af332785aac8774540895e234f4d07f7545804097de4b666afd8/packaging-25.0-py3-none-any.whl", hash = "sha256:29572ef2b1f17581046b3a2227d5c611fb25ec70ca1ba8554b24b0e69331a484", size = 66469, upload-time = "2025-04-19T11:48:57.875Z" },
]

[[package]]
name = "pandas"
version = "2.3.3"
source = { registry = "https://pypi.org/simple" }
dependencies = [
    { name = "numpy" },
    { name = "python-dateutil" },
    { name = "pytz" },
    { name = "tzdata" },
]
sdist = { url = "https://files.pythonhosted.org/packages/33/01/d40b85317f86cf08d853a4f495195c73815fdf205eef3993821720274518/pandas-2.3.3.tar.gz", hash = "sha256:e05e1af93b977f7eafa636d043f9f94c7ee3ac81af99c13508215942e64c993b", size = 4495223, upload-time = "2025-09-29T23:34:51.853Z" }
wheels = [
    { url = "https://files.pythonhosted.org/packages/3d/f7/f425a00df4fcc22b292c6895c6831c0c8ae1d9fac1e024d16f98a9ce8749/pandas-2.3.3-cp310-cp310-macosx_10_9_x86_64.whl", hash = "sha256:376c6446ae31770764215a6c937f72d917f214b43560603cd60da6408f183b6c", size = 11555763, upload-time = "2025-09-29T23:16:53.287Z" },
    { url = "https://files.pythonhosted.org/packages/13/4f/66d99628ff8ce7857aca52fed8f0066ce209f96be2fede6cef9f84e8d04f/pandas-2.3.3-cp310-cp310-macosx_11_0_arm64.whl", hash = "sha256:e19d192383eab2f4ceb30b412b22ea30690c9e618f78870357ae1d682912015a", size = 10801217, upload-time = "2025-09-29T23:17:04.522Z" },
    { url = "https://files.pythonhosted.org/packages/1d/03/3fc4a529a7710f890a239cc496fc6d50ad4a0995657dccc1d64695adb9f4/pandas-2.3.3-cp310-cp310-manylinux_2_24_aarch64.manylinux_2_28_aarch64.whl", hash = "sha256:5caf26f64126b6c7aec964f74266f435afef1c1b13da3b0636c7518a1fa3e2b1", size = 12148791, upload-time = "2025-09-29T23:17:18.444Z" },
    { url = "https://files.pythonhosted.org/packages/40/a8/4dac1f8f8235e5d25b9955d02ff6f29396191d4e665d71122c3722ca83c5/pandas-2.3.3-cp310-cp310-manylinux_2_24_x86_64.manylinux_2_28_x86_64.whl", hash = "sha256:dd7478f1463441ae4ca7308a70e90b33470fa593429f9d4c578dd00d1fa78838", size = 12769373, upload-time = "2025-09-29T23:17:35.846Z" },
    { url = "https://files.pythonhosted.org/packages/df/91/82cc5169b6b25440a7fc0ef3a694582418d875c8e3ebf796a6d6470aa578/pandas-2.3.3-cp310-cp310-musllinux_1_2_aarch64.whl", hash = "sha256:4793891684806ae50d1288c9bae9330293ab4e083ccd1c5e383c34549c6e4250", size = 13200444, upload-time = "2025-09-29T23:17:49.341Z" },
    { url = "https://files.pythonhosted.org/packages/10/ae/89b3283800ab58f7af2952704078555fa60c807fff764395bb57ea0b0dbd/pandas-2.3.3-cp310-cp310-musllinux_1_2_x86_64.whl", hash = "sha256:28083c648d9a99a5dd035ec125d42439c6c1c525098c58af0fc38dd1a7a1b3d4", size = 13858459, upload-time = "2025-09-29T23:18:03.722Z" },
    { url = "https://files.pythonhosted.org/packages/85/72/530900610650f54a35a19476eca5104f38555afccda1aa11a92ee14cb21d/pandas-2.3.3-cp310-cp310-win_amd64.whl", hash = "sha256:503cf027cf9940d2ceaa1a93cfb5f8c8c7e6e90720a2850378f0b3f3b1e06826", size = 11346086, upload-time = "2025-09-29T23:18:18.505Z" },
]

[[package]]
name = "pymongo"
version = "4.15.3"
source = { registry = "https://pypi.org/simple" }
dependencies = [
    { name = "dnspython" },
]
sdist = { url = "https://files.pythonhosted.org/packages/9d/7b/a709c85dc716eb85b69f71a4bb375cf1e72758a7e872103f27551243319c/pymongo-4.15.3.tar.gz", hash = "sha256:7a981271347623b5319932796690c2d301668ac3a1965974ac9f5c3b8a22cea5", size = 2470801, upload-time = "2025-10-07T21:57:50.384Z" }
wheels = [
    { url = "https://files.pythonhosted.org/packages/94/38/7ba7e7b57ccf2b04b63796c097c35b32339b2cb6e4d851d9dbb84426dc99/pymongo-4.15.3-cp310-cp310-macosx_10_9_x86_64.whl", hash = "sha256:482ca9b775747562ce1589df10c97a0e62a604ce5addf933e5819dd967c5e23c", size = 811331, upload-time = "2025-10-07T21:55:59.15Z" },
    { url = "https://files.pythonhosted.org/packages/11/36/4bd2aa400a64935b59d68d1c35c168bf61613f1f2bb824757079b2415cda/pymongo-4.15.3-cp310-cp310-macosx_11_0_arm64.whl", hash = "sha256:c7eb497519f42ac89c30919a51f80e68a070cfc2f3b0543cac74833cd45a6b9c", size = 811673, upload-time = "2025-10-07T21:56:00.712Z" },
    { url = "https://files.pythonhosted.org/packages/37/fb/03c3bd14e6eb5236b360cff8598677c4b7b9557eed3021d9b3f6e82de51d/pymongo-4.15.3-cp310-cp310-manylinux1_i686.manylinux_2_28_i686.manylinux_2_5_i686.whl", hash = "sha256:4a0a054e9937ec8fdb465835509b176f6b032851c8648f6a5d1b19932d0eacd6", size = 1185479, upload-time = "2025-10-07T21:56:02.297Z" },
    { url = "https://files.pythonhosted.org/packages/6d/27/b5f21d9a556e31d083bb17d0c026244a604a96f7bdb277fd48dee99415ee/pymongo-4.15.3-cp310-cp310-manylinux2014_aarch64.manylinux_2_17_aarch64.manylinux_2_28_aarch64.whl", hash = "sha256:49fd6e158cf75771b2685a8a221a40ab96010ae34dd116abd06371dc6c38ab60", size = 1203867, upload-time = "2025-10-07T21:56:03.621Z" },
    { url = "https://files.pythonhosted.org/packages/ba/09/ffe1a114d7a39f6746c27a6f5a717b1dc5ea763cb0458a9a679142f623aa/pymongo-4.15.3-cp310-cp310-manylinux2014_ppc64le.manylinux_2_17_ppc64le.manylinux_2_28_ppc64le.whl", hash = "sha256:82a490f1ade4ec6a72068e3676b04c126e3043e69b38ec474a87c6444cf79098", size = 1242537, upload-time = "2025-10-07T21:56:04.973Z" },
    { url = "https://files.pythonhosted.org/packages/af/60/b7968e855284bb67d366dfb50b6a9df4f69676fbbae51f3e647d2dcb12eb/pymongo-4.15.3-cp310-cp310-manylinux2014_s390x.manylinux_2_17_s390x.manylinux_2_28_s390x.whl", hash = "sha256:982107c667921e896292f4be09c057e2f1a40c645c9bfc724af5dd5fb8398094", size = 1232832, upload-time = "2025-10-07T21:56:06.287Z" },
    { url = "https://files.pythonhosted.org/packages/23/47/763945c63690d5c1a54d1d2ace352ba150b9e49a5cfdf44fb237e092e604/pymongo-4.15.3-cp310-cp310-manylinux2014_x86_64.manylinux_2_17_x86_64.manylinux_2_28_x86_64.whl", hash = "sha256:45aebbd369ca79b7c46eaea5b04d2e4afca4eda117b68965a07a9da05d774e4d", size = 1200177, upload-time = "2025-10-07T21:56:07.671Z" },
    { url = "https://files.pythonhosted.org/packages/ad/c2/1ace9cf4b88addceb5077e5490238a9e20dc9fef75ae4de146f57f408a06/pymongo-4.15.3-cp310-cp310-win32.whl", hash = "sha256:90ad56bd1d769d2f44af74f0fd0c276512361644a3c636350447994412cbc9a1", size = 798320, upload-time = "2025-10-07T21:56:09.917Z" },
    { url = "https://files.pythonhosted.org/packages/1c/b7/86563ec80fc41f644c813a3625d8b5672fd1d2b52da53727eca766dfc162/pymongo-4.15.3-cp310-cp310-win_amd64.whl", hash = "sha256:8bd6dd736f5d07a825caf52c38916d5452edc0fac7aee43ec67aba6f61c2dbb7", size = 808150, upload-time = "2025-10-07T21:56:11.562Z" },
    { url = "https://files.pythonhosted.org/packages/d5/b3/f136483c3d13224ad0b80ac2b7c8f7adb735a296b5e8c94cfc2415b77d70/pymongo-4.15.3-cp310-cp310-win_arm64.whl", hash = "sha256:300eaf83ad053e51966be1839324341b08eaf880d3dc63ada7942d5912e09c49", size = 800930, upload-time = "2025-10-07T21:56:12.917Z" },
]

[[package]]
name = "pymysql"
version = "1.1.2"
source = { registry = "https://pypi.org/simple" }
sdist = { url = "https://files.pythonhosted.org/packages/f5/ae/1fe3fcd9f959efa0ebe200b8de88b5a5ce3e767e38c7ac32fb179f16a388/pymysql-1.1.2.tar.gz", hash = "sha256:4961d3e165614ae65014e361811a724e2044ad3ea3739de9903ae7c21f539f03", size = 48258, upload-time = "2025-08-24T12:55:55.146Z" }
wheels = [
    { url = "https://files.pythonhosted.org/packages/7c/4c/ad33b92b9864cbde84f259d5df035a6447f91891f5be77788e2a3892bce3/pymysql-1.1.2-py3-none-any.whl", hash = "sha256:e6b1d89711dd51f8f74b1631fe08f039e7d76cf67a42a323d3178f0f25762ed9", size = 45300, upload-time = "2025-08-24T12:55:53.394Z" },
]

[[package]]
name = "python-dateutil"
version = "2.9.0.post0"
source = { registry = "https://pypi.org/simple" }
dependencies = [
    { name = "six" },
]
sdist = { url = "https://files.pythonhosted.org/packages/66/c0/0c8b6ad9f17a802ee498c46e004a0eb49bc148f2fd230864601a86dcf6db/python-dateutil-2.9.0.post0.tar.gz", hash = "sha256:37dd54208da7e1cd875388217d5e00ebd4179249f90fb72437e91a35459a0ad3", size = 342432, upload-time = "2024-03-01T18:36:20.211Z" }
wheels = [
    { url = "https://files.pythonhosted.org/packages/ec/57/56b9bcc3c9c6a792fcbaf139543cee77261f3651ca9da0c93f5c1221264b/python_dateutil-2.9.0.post0-py2.py3-none-any.whl", hash = "sha256:a8b2bc7bffae282281c8140a97d3aa9c14da0b136dfe83f850eea9a5f7470427", size = 229892, upload-time = "2024-03-01T18:36:18.57Z" },
]

[[package]]
name = "pytz"
version = "2025.2"
source = { registry = "https://pypi.org/simple" }
sdist = { url = "https://files.pythonhosted.org/packages/f8/bf/abbd3cdfb8fbc7fb3d4d38d320f2441b1e7cbe29be4f23797b4a2b5d8aac/pytz-2025.2.tar.gz", hash = "sha256:360b9e3dbb49a209c21ad61809c7fb453643e048b38924c765813546746e81c3", size = 320884, upload-time = "2025-03-25T02:25:00.538Z" }
wheels = [
    { url = "https://files.pythonhosted.org/packages/81/c4/34e93fe5f5429d7570ec1fa436f1986fb1f00c3e0f43a589fe2bbcd22c3f/pytz-2025.2-py2.py3-none-any.whl", hash = "sha256:5ddf76296dd8c44c26eb8f4b6f35488f3ccbf6fbbd7adee0b7262d43f0ec2f00", size = 509225, upload-time = "2025-03-25T02:24:58.468Z" },
]

[[package]]
name = "six"
version = "1.17.0"
source = { registry = "https://pypi.org/simple" }
sdist = { url = "https://files.pythonhosted.org/packages/94/e7/b2c673351809dca68a0e064b6af791aa332cf192da575fd474ed7d6f16a2/six-1.17.0.tar.gz", hash = "sha256:ff70335d468e7eb6ec65b95b99d3a2836546063f63acc5171de367e834932a81", size = 34031, upload-time = "2024-12-04T17:35:28.174Z" }
wheels = [
    { url = "https://files.pythonhosted.org/packages/b7/ce/149a00dd41f10bc29e5921b496af8b574d8413afcd5e30dfa0ed46c2cc5e/six-1.17.0-py2.py3-none-any.whl", hash = "sha256:4721f391ed90541fddacab5acf947aa0d3dc7d27b2e1e8eda2be8970586c3274", size = 11050, upload-time = "2024-12-04T17:35:26.475Z" },
]

[[package]]
name = "soupsieve"
version = "2.8"
source = { registry = "https://pypi.org/simple" }
sdist = { url = "https://files.pythonhosted.org/packages/6d/e6/21ccce3262dd4889aa3332e5a119a3491a95e8f60939870a3a035aabac0d/soupsieve-2.8.tar.gz", hash = "sha256:e2dd4a40a628cb5f28f6d4b0db8800b8f581b65bb380b97de22ba5ca8d72572f", size = 103472, upload-time = "2025-08-27T15:39:51.78Z" }
wheels = [
    { url = "https://files.pythonhosted.org/packages/14/a0/bb38d3b76b8cae341dad93a2dd83ab7462e6dbcdd84d43f54ee60a8dc167/soupsieve-2.8-py3-none-any.whl", hash = "sha256:0cc76456a30e20f5d7f2e14a98a4ae2ee4e5abdc7c5ea0aafe795f344bc7984c", size = 36679, upload-time = "2025-08-27T15:39:50.179Z" },
]

[[package]]
name = "typing-extensions"
version = "4.15.0"
source = { registry = "https://pypi.org/simple" }
sdist = { url = "https://files.pythonhosted.org/packages/72/94/1a15dd82efb362ac84269196e94cf00f187f7ed21c242792a923cdb1c61f/typing_extensions-4.15.0.tar.gz", hash = "sha256:0cea48d173cc12fa28ecabc3b837ea3cf6f38c6d1136f85cbaaf598984861466", size = 109391, upload-time = "2025-08-25T13:49:26.313Z" }
wheels = [
    { url = "https://files.pythonhosted.org/packages/18/67/36e9267722cc04a6b9f15c7f3441c2363321a3ea07da7ae0c0707beb2a9c/typing_extensions-4.15.0-py3-none-any.whl", hash = "sha256:f0fa19c6845758ab08074a0cfa8b7aecb71c999ca73d62883bc25cc018c4e548", size = 44614, upload-time = "2025-08-25T13:49:24.86Z" },
]

[[package]]
name = "tzdata"
version = "2025.2"
source = { registry = "https://pypi.org/simple" }
sdist = { url = "https://files.pythonhosted.org/packages/95/32/1a225d6164441be760d75c2c42e2780dc0873fe382da3e98a2e1e48361e5/tzdata-2025.2.tar.gz", hash = "sha256:b60a638fcc0daffadf82fe0f57e53d06bdec2f36c4df66280ae79bce6bd6f2b9", size = 196380, upload-time = "2025-03-23T13:54:43.652Z" }
wheels = [
    { url = "https://files.pythonhosted.org/packages/5c/23/c7abc0ca0a1526a0774eca151daeb8de62ec457e77262b66b359c3c7679e/tzdata-2025.2-py2.py3-none-any.whl", hash = "sha256:1a403fada01ff9221ca8044d701868fa132215d84beb92242d9acd2147f667a8", size = 347839, upload-time = "2025-03-23T13:54:41.845Z" },
]
